{
  "version": 4,
  "terraform_version": "0.12.5",
  "serial": 258,
  "lineage": "4b471610-3165-7ce0-3732-99a369bec2c4",
  "outputs": {
    "server-ip": {
      "value": {
        "allocation_id": null,
        "associate_with_private_ip": null,
        "association_id": "eipassoc-00aa79ba604f98a4c",
        "domain": "vpc",
        "id": "eipalloc-0abc1e7c13874e212",
        "instance": "i-0398171e218282dab",
        "network_interface": "eni-06129eb460267fa3f",
        "private_dns": "ip-172-31-9-73.ec2.internal",
        "private_ip": "172.31.9.73",
        "public_dns": "ec2-3-227-29-251.compute-1.amazonaws.com",
        "public_ip": "3.227.29.251",
        "public_ipv4_pool": "amazon",
        "tags": null,
        "timeouts": null,
        "vpc": true
      },
      "type": [
        "object",
        {
          "allocation_id": "string",
          "associate_with_private_ip": "string",
          "association_id": "string",
          "domain": "string",
          "id": "string",
          "instance": "string",
          "network_interface": "string",
          "private_dns": "string",
          "private_ip": "string",
          "public_dns": "string",
          "public_ip": "string",
          "public_ipv4_pool": "string",
          "tags": [
            "map",
            "string"
          ],
          "timeouts": [
            "object",
            {
              "delete": "string",
              "read": "string",
              "update": "string"
            }
          ],
          "vpc": "bool"
        }
      ]
    }
  },
  "resources": [
    {
      "mode": "data",
      "type": "aws_acm_certificate",
      "name": "api",
      "provider": "provider.aws",
      "instances": [
        {
          "schema_version": 0,
          "attributes": {
            "arn": "arn:aws:acm:us-east-1:234360968295:certificate/5ebcc870-effb-420d-8f6a-d57c075a330d",
            "domain": "test.bytabit.net",
            "id": "2019-09-18 05:44:49.936986 +0000 UTC",
            "key_types": null,
            "most_recent": false,
            "statuses": [
              "ISSUED"
            ],
            "types": null
          }
        }
      ]
    },
    {
      "mode": "data",
      "type": "aws_ami",
      "name": "ubuntu",
      "provider": "provider.aws",
      "instances": [
        {
          "schema_version": 0,
          "attributes": {
            "architecture": "x86_64",
            "block_device_mappings": [
              {
                "device_name": "/dev/sda1",
                "ebs": {
                  "delete_on_termination": "true",
                  "encrypted": "false",
                  "iops": "0",
                  "snapshot_id": "snap-0625f08856241604e",
                  "volume_size": "8",
                  "volume_type": "gp2"
                },
                "no_device": "",
                "virtual_name": ""
              },
              {
                "device_name": "/dev/sdb",
                "ebs": {},
                "no_device": "",
                "virtual_name": "ephemeral0"
              },
              {
                "device_name": "/dev/sdc",
                "ebs": {},
                "no_device": "",
                "virtual_name": "ephemeral1"
              }
            ],
            "creation_date": "2019-09-12T04:43:29.000Z",
            "description": "Canonical, Ubuntu, 18.04 LTS, amd64 bionic image build on 2019-09-11",
            "executable_users": null,
            "filter": [
              {
                "name": "name",
                "values": [
                  "ubuntu/images/hvm-ssd/ubuntu-bionic-18.04-amd64-server-*"
                ]
              },
              {
                "name": "virtualization-type",
                "values": [
                  "hvm"
                ]
              }
            ],
            "hypervisor": "xen",
            "id": "ami-024582e76075564db",
            "image_id": "ami-024582e76075564db",
            "image_location": "099720109477/ubuntu/images/hvm-ssd/ubuntu-bionic-18.04-amd64-server-20190911",
            "image_owner_alias": null,
            "image_type": "machine",
            "kernel_id": null,
            "most_recent": true,
            "name": "ubuntu/images/hvm-ssd/ubuntu-bionic-18.04-amd64-server-20190911",
            "name_regex": null,
            "owner_id": "099720109477",
            "owners": [
              "099720109477"
            ],
            "platform": null,
            "product_codes": [],
            "public": true,
            "ramdisk_id": null,
            "root_device_name": "/dev/sda1",
            "root_device_type": "ebs",
            "root_snapshot_id": "snap-0625f08856241604e",
            "sriov_net_support": "simple",
            "state": "available",
            "state_reason": {
              "code": "UNSET",
              "message": "UNSET"
            },
            "tags": {},
            "virtualization_type": "hvm"
          }
        }
      ]
    },
    {
      "mode": "data",
      "type": "aws_route53_zone",
      "name": "root_domain",
      "provider": "provider.aws",
      "instances": [
        {
          "schema_version": 0,
          "attributes": {
            "caller_reference": "36B946D4-4910-14AC-9191-175C2E457C65",
            "comment": "",
            "id": "Z2QM7I2QKXPJ12",
            "linked_service_description": null,
            "linked_service_principal": null,
            "name": "bytabit.net.",
            "name_servers": [
              "ns-719.awsdns-25.net",
              "ns-1031.awsdns-00.org",
              "ns-238.awsdns-29.com",
              "ns-1943.awsdns-50.co.uk"
            ],
            "private_zone": false,
            "resource_record_set_count": 5,
            "tags": null,
            "vpc_id": null,
            "zone_id": "Z2QM7I2QKXPJ12"
          }
        }
      ]
    },
    {
      "mode": "managed",
      "type": "aws_api_gateway_base_path_mapping",
      "name": "api",
      "provider": "provider.aws",
      "instances": [
        {
          "schema_version": 0,
          "attributes": {
            "api_id": "7zpvd6rzbi",
            "base_path": "",
            "domain_name": "test.bytabit.net",
            "id": "test.bytabit.net/",
            "stage_name": "test"
          },
          "private": "bnVsbA==",
          "depends_on": [
            "aws_api_gateway_deployment.bytabit",
            "aws_api_gateway_domain_name.api",
            "aws_api_gateway_rest_api.bytabit"
          ]
        }
      ]
    },
    {
      "mode": "managed",
      "type": "aws_api_gateway_deployment",
      "name": "bytabit",
      "provider": "provider.aws",
      "instances": [
        {
          "schema_version": 0,
          "attributes": {
            "created_date": "2019-08-07T06:33:02Z",
            "description": "",
            "execution_arn": "arn:aws:execute-api:us-east-1:234360968295:7zpvd6rzbi/test",
            "id": "nfb064",
            "invoke_url": "https://7zpvd6rzbi.execute-api.us-east-1.amazonaws.com/test",
            "rest_api_id": "7zpvd6rzbi",
            "stage_description": null,
            "stage_name": "test",
            "variables": null
          },
          "private": "bnVsbA==",
          "depends_on": [
            "aws_api_gateway_integration.delete_offer",
            "aws_api_gateway_integration.getAllArbitrate_trade",
            "aws_api_gateway_integration.getAll_offer",
            "aws_api_gateway_integration.getById_offer",
            "aws_api_gateway_integration.getById_trade",
            "aws_api_gateway_integration.getByOffer_trade",
            "aws_api_gateway_integration.get_badge",
            "aws_api_gateway_integration.get_version",
            "aws_api_gateway_integration.put_badge",
            "aws_api_gateway_integration.put_offer",
            "aws_api_gateway_integration.put_trade",
            "aws_api_gateway_rest_api.bytabit"
          ]
        }
      ]
    },
    {
      "mode": "managed",
      "type": "aws_api_gateway_domain_name",
      "name": "api",
      "provider": "provider.aws",
      "instances": [
        {
          "schema_version": 0,
          "attributes": {
            "certificate_arn": "arn:aws:acm:us-east-1:234360968295:certificate/5ebcc870-effb-420d-8f6a-d57c075a330d",
            "certificate_body": null,
            "certificate_chain": null,
            "certificate_name": "",
            "certificate_private_key": null,
            "certificate_upload_date": "2019-08-07T06:32:22Z",
            "cloudfront_domain_name": "d1f8d1iy2szgzt.cloudfront.net",
            "cloudfront_zone_id": "Z2FDTNDATAQYW2",
            "domain_name": "test.bytabit.net",
            "endpoint_configuration": [
              {
                "types": [
                  "EDGE"
                ]
              }
            ],
            "id": "test.bytabit.net",
            "regional_certificate_arn": "",
            "regional_certificate_name": "",
            "regional_domain_name": "",
            "regional_zone_id": "",
            "security_policy": "TLS_1_0"
          },
          "private": "bnVsbA==",
          "depends_on": [
            "data.aws_acm_certificate.api"
          ]
        }
      ]
    },
    {
      "mode": "managed",
      "type": "aws_api_gateway_integration",
      "name": "delete_offer",
      "provider": "provider.aws",
      "instances": [
        {
          "schema_version": 0,
          "attributes": {
            "cache_key_parameters": [],
            "cache_namespace": "a495bd",
            "connection_id": "",
            "connection_type": "INTERNET",
            "content_handling": "",
            "credentials": "",
            "http_method": "DELETE",
            "id": "agi-7zpvd6rzbi-a495bd-DELETE",
            "integration_http_method": "POST",
            "passthrough_behavior": "WHEN_NO_MATCH",
            "request_parameters": {},
            "request_parameters_in_json": null,
            "request_templates": {},
            "resource_id": "a495bd",
            "rest_api_id": "7zpvd6rzbi",
            "timeout_milliseconds": 29000,
            "type": "AWS_PROXY",
            "uri": "arn:aws:apigateway:us-east-1:lambda:path/2015-03-31/functions/arn:aws:lambda:us-east-1:234360968295:function:test_delete_offer/invocations"
          },
          "private": "bnVsbA==",
          "depends_on": [
            "aws_api_gateway_method.delete_offer",
            "aws_api_gateway_rest_api.bytabit",
            "aws_lambda_function.delete_offer"
          ]
        }
      ]
    },
    {
      "mode": "managed",
      "type": "aws_api_gateway_integration",
      "name": "getAllArbitrate_trade",
      "provider": "provider.aws",
      "instances": [
        {
          "schema_version": 0,
          "attributes": {
            "cache_key_parameters": [],
            "cache_namespace": "cn8z94",
            "connection_id": "",
            "connection_type": "INTERNET",
            "content_handling": "",
            "credentials": "",
            "http_method": "GET",
            "id": "agi-7zpvd6rzbi-cn8z94-GET",
            "integration_http_method": "POST",
            "passthrough_behavior": "WHEN_NO_MATCH",
            "request_parameters": {},
            "request_parameters_in_json": null,
            "request_templates": {},
            "resource_id": "cn8z94",
            "rest_api_id": "7zpvd6rzbi",
            "timeout_milliseconds": 29000,
            "type": "AWS_PROXY",
            "uri": "arn:aws:apigateway:us-east-1:lambda:path/2015-03-31/functions/arn:aws:lambda:us-east-1:234360968295:function:test_getAllArbitrate_trade/invocations"
          },
          "private": "bnVsbA==",
          "depends_on": [
            "aws_api_gateway_method.getAllArbitrate_trade",
            "aws_api_gateway_rest_api.bytabit",
            "aws_lambda_function.getAllArbitrate_trade"
          ]
        }
      ]
    },
    {
      "mode": "managed",
      "type": "aws_api_gateway_integration",
      "name": "getAll_offer",
      "provider": "provider.aws",
      "instances": [
        {
          "schema_version": 0,
          "attributes": {
            "cache_key_parameters": [],
            "cache_namespace": "qw6iyr",
            "connection_id": "",
            "connection_type": "INTERNET",
            "content_handling": "",
            "credentials": "",
            "http_method": "GET",
            "id": "agi-7zpvd6rzbi-qw6iyr-GET",
            "integration_http_method": "POST",
            "passthrough_behavior": "WHEN_NO_MATCH",
            "request_parameters": {},
            "request_parameters_in_json": null,
            "request_templates": {},
            "resource_id": "qw6iyr",
            "rest_api_id": "7zpvd6rzbi",
            "timeout_milliseconds": 29000,
            "type": "AWS_PROXY",
            "uri": "arn:aws:apigateway:us-east-1:lambda:path/2015-03-31/functions/arn:aws:lambda:us-east-1:234360968295:function:test_getAll_offer/invocations"
          },
          "private": "bnVsbA==",
          "depends_on": [
            "aws_api_gateway_method.getAll_offer",
            "aws_api_gateway_rest_api.bytabit",
            "aws_lambda_function.getAll_offer"
          ]
        }
      ]
    },
    {
      "mode": "managed",
      "type": "aws_api_gateway_integration",
      "name": "getById_offer",
      "provider": "provider.aws",
      "instances": [
        {
          "schema_version": 0,
          "attributes": {
            "cache_key_parameters": [],
            "cache_namespace": "a495bd",
            "connection_id": "",
            "connection_type": "INTERNET",
            "content_handling": "",
            "credentials": "",
            "http_method": "GET",
            "id": "agi-7zpvd6rzbi-a495bd-GET",
            "integration_http_method": "POST",
            "passthrough_behavior": "WHEN_NO_MATCH",
            "request_parameters": {},
            "request_parameters_in_json": null,
            "request_templates": {},
            "resource_id": "a495bd",
            "rest_api_id": "7zpvd6rzbi",
            "timeout_milliseconds": 29000,
            "type": "AWS_PROXY",
            "uri": "arn:aws:apigateway:us-east-1:lambda:path/2015-03-31/functions/arn:aws:lambda:us-east-1:234360968295:function:test_getById_offer/invocations"
          },
          "private": "bnVsbA==",
          "depends_on": [
            "aws_api_gateway_method.getById_offer",
            "aws_api_gateway_rest_api.bytabit",
            "aws_lambda_function.getById_offer"
          ]
        }
      ]
    },
    {
      "mode": "managed",
      "type": "aws_api_gateway_integration",
      "name": "getById_trade",
      "provider": "provider.aws",
      "instances": [
        {
          "schema_version": 0,
          "attributes": {
            "cache_key_parameters": [],
            "cache_namespace": "96wodc",
            "connection_id": "",
            "connection_type": "INTERNET",
            "content_handling": "",
            "credentials": "",
            "http_method": "GET",
            "id": "agi-7zpvd6rzbi-96wodc-GET",
            "integration_http_method": "POST",
            "passthrough_behavior": "WHEN_NO_MATCH",
            "request_parameters": {},
            "request_parameters_in_json": null,
            "request_templates": {},
            "resource_id": "96wodc",
            "rest_api_id": "7zpvd6rzbi",
            "timeout_milliseconds": 29000,
            "type": "AWS_PROXY",
            "uri": "arn:aws:apigateway:us-east-1:lambda:path/2015-03-31/functions/arn:aws:lambda:us-east-1:234360968295:function:test_getById_trade/invocations"
          },
          "private": "bnVsbA==",
          "depends_on": [
            "aws_api_gateway_method.getById_trade",
            "aws_api_gateway_rest_api.bytabit",
            "aws_lambda_function.getById_trade"
          ]
        }
      ]
    },
    {
      "mode": "managed",
      "type": "aws_api_gateway_integration",
      "name": "getByOffer_trade",
      "provider": "provider.aws",
      "instances": [
        {
          "schema_version": 0,
          "attributes": {
            "cache_key_parameters": [],
            "cache_namespace": "dhh8po",
            "connection_id": "",
            "connection_type": "INTERNET",
            "content_handling": "",
            "credentials": "",
            "http_method": "GET",
            "id": "agi-7zpvd6rzbi-dhh8po-GET",
            "integration_http_method": "POST",
            "passthrough_behavior": "WHEN_NO_MATCH",
            "request_parameters": {},
            "request_parameters_in_json": null,
            "request_templates": {},
            "resource_id": "dhh8po",
            "rest_api_id": "7zpvd6rzbi",
            "timeout_milliseconds": 29000,
            "type": "AWS_PROXY",
            "uri": "arn:aws:apigateway:us-east-1:lambda:path/2015-03-31/functions/arn:aws:lambda:us-east-1:234360968295:function:test_getByOffer_trade/invocations"
          },
          "private": "bnVsbA==",
          "depends_on": [
            "aws_api_gateway_method.getByOffer_trade",
            "aws_api_gateway_rest_api.bytabit",
            "aws_lambda_function.getByOffer_trade"
          ]
        }
      ]
    },
    {
      "mode": "managed",
      "type": "aws_api_gateway_integration",
      "name": "get_badge",
      "provider": "provider.aws",
      "instances": [
        {
          "schema_version": 0,
          "attributes": {
            "cache_key_parameters": [],
            "cache_namespace": "fbf11e",
            "connection_id": "",
            "connection_type": "INTERNET",
            "content_handling": "",
            "credentials": "",
            "http_method": "GET",
            "id": "agi-7zpvd6rzbi-fbf11e-GET",
            "integration_http_method": "POST",
            "passthrough_behavior": "WHEN_NO_MATCH",
            "request_parameters": {},
            "request_parameters_in_json": null,
            "request_templates": {},
            "resource_id": "fbf11e",
            "rest_api_id": "7zpvd6rzbi",
            "timeout_milliseconds": 29000,
            "type": "AWS_PROXY",
            "uri": "arn:aws:apigateway:us-east-1:lambda:path/2015-03-31/functions/arn:aws:lambda:us-east-1:234360968295:function:test_get_badge/invocations"
          },
          "private": "bnVsbA==",
          "depends_on": [
            "aws_api_gateway_method.get_badge",
            "aws_api_gateway_rest_api.bytabit",
            "aws_lambda_function.get_badge"
          ]
        }
      ]
    },
    {
      "mode": "managed",
      "type": "aws_api_gateway_integration",
      "name": "get_version",
      "provider": "provider.aws",
      "instances": [
        {
          "schema_version": 0,
          "attributes": {
            "cache_key_parameters": [],
            "cache_namespace": "f7x1f0",
            "connection_id": "",
            "connection_type": "INTERNET",
            "content_handling": "",
            "credentials": "",
            "http_method": "GET",
            "id": "agi-7zpvd6rzbi-f7x1f0-GET",
            "integration_http_method": "POST",
            "passthrough_behavior": "WHEN_NO_MATCH",
            "request_parameters": {},
            "request_parameters_in_json": null,
            "request_templates": {},
            "resource_id": "f7x1f0",
            "rest_api_id": "7zpvd6rzbi",
            "timeout_milliseconds": 29000,
            "type": "AWS_PROXY",
            "uri": "arn:aws:apigateway:us-east-1:lambda:path/2015-03-31/functions/arn:aws:lambda:us-east-1:234360968295:function:test_get_version/invocations"
          },
          "private": "bnVsbA==",
          "depends_on": [
            "aws_api_gateway_method.get_version",
            "aws_api_gateway_rest_api.bytabit",
            "aws_lambda_function.get_version"
          ]
        }
      ]
    },
    {
      "mode": "managed",
      "type": "aws_api_gateway_integration",
      "name": "put_badge",
      "provider": "provider.aws",
      "instances": [
        {
          "schema_version": 0,
          "attributes": {
            "cache_key_parameters": [],
            "cache_namespace": "iadrz4",
            "connection_id": "",
            "connection_type": "INTERNET",
            "content_handling": "",
            "credentials": "",
            "http_method": "PUT",
            "id": "agi-7zpvd6rzbi-iadrz4-PUT",
            "integration_http_method": "POST",
            "passthrough_behavior": "WHEN_NO_MATCH",
            "request_parameters": {},
            "request_parameters_in_json": null,
            "request_templates": {},
            "resource_id": "iadrz4",
            "rest_api_id": "7zpvd6rzbi",
            "timeout_milliseconds": 29000,
            "type": "AWS_PROXY",
            "uri": "arn:aws:apigateway:us-east-1:lambda:path/2015-03-31/functions/arn:aws:lambda:us-east-1:234360968295:function:test_put_badge/invocations"
          },
          "private": "bnVsbA==",
          "depends_on": [
            "aws_api_gateway_method.put_badge",
            "aws_api_gateway_rest_api.bytabit",
            "aws_lambda_function.put_badge"
          ]
        }
      ]
    },
    {
      "mode": "managed",
      "type": "aws_api_gateway_integration",
      "name": "put_offer",
      "provider": "provider.aws",
      "instances": [
        {
          "schema_version": 0,
          "attributes": {
            "cache_key_parameters": [],
            "cache_namespace": "a495bd",
            "connection_id": "",
            "connection_type": "INTERNET",
            "content_handling": "",
            "credentials": "",
            "http_method": "PUT",
            "id": "agi-7zpvd6rzbi-a495bd-PUT",
            "integration_http_method": "POST",
            "passthrough_behavior": "WHEN_NO_MATCH",
            "request_parameters": {},
            "request_parameters_in_json": null,
            "request_templates": {},
            "resource_id": "a495bd",
            "rest_api_id": "7zpvd6rzbi",
            "timeout_milliseconds": 29000,
            "type": "AWS_PROXY",
            "uri": "arn:aws:apigateway:us-east-1:lambda:path/2015-03-31/functions/arn:aws:lambda:us-east-1:234360968295:function:test_put_offer/invocations"
          },
          "private": "bnVsbA==",
          "depends_on": [
            "aws_api_gateway_method.put_offer",
            "aws_api_gateway_rest_api.bytabit",
            "aws_lambda_function.put_offer"
          ]
        }
      ]
    },
    {
      "mode": "managed",
      "type": "aws_api_gateway_integration",
      "name": "put_trade",
      "provider": "provider.aws",
      "instances": [
        {
          "schema_version": 0,
          "attributes": {
            "cache_key_parameters": [],
            "cache_namespace": "96wodc",
            "connection_id": "",
            "connection_type": "INTERNET",
            "content_handling": "",
            "credentials": "",
            "http_method": "PUT",
            "id": "agi-7zpvd6rzbi-96wodc-PUT",
            "integration_http_method": "POST",
            "passthrough_behavior": "WHEN_NO_MATCH",
            "request_parameters": {},
            "request_parameters_in_json": null,
            "request_templates": {},
            "resource_id": "96wodc",
            "rest_api_id": "7zpvd6rzbi",
            "timeout_milliseconds": 29000,
            "type": "AWS_PROXY",
            "uri": "arn:aws:apigateway:us-east-1:lambda:path/2015-03-31/functions/arn:aws:lambda:us-east-1:234360968295:function:test_put_trade/invocations"
          },
          "private": "bnVsbA==",
          "depends_on": [
            "aws_api_gateway_method.put_trade",
            "aws_api_gateway_rest_api.bytabit",
            "aws_lambda_function.put_trade"
          ]
        }
      ]
    },
    {
      "mode": "managed",
      "type": "aws_api_gateway_method",
      "name": "delete_offer",
      "provider": "provider.aws",
      "instances": [
        {
          "schema_version": 0,
          "attributes": {
            "api_key_required": false,
            "authorization": "NONE",
            "authorization_scopes": [],
            "authorizer_id": "",
            "http_method": "DELETE",
            "id": "agm-7zpvd6rzbi-a495bd-DELETE",
            "request_models": {},
            "request_parameters": {},
            "request_parameters_in_json": null,
            "request_validator_id": "",
            "resource_id": "a495bd",
            "rest_api_id": "7zpvd6rzbi"
          },
          "private": "bnVsbA==",
          "depends_on": [
            "aws_api_gateway_resource.offer_id",
            "aws_api_gateway_rest_api.bytabit"
          ]
        }
      ]
    },
    {
      "mode": "managed",
      "type": "aws_api_gateway_method",
      "name": "getAllArbitrate_trade",
      "provider": "provider.aws",
      "instances": [
        {
          "schema_version": 0,
          "attributes": {
            "api_key_required": false,
            "authorization": "NONE",
            "authorization_scopes": [],
            "authorizer_id": "",
            "http_method": "GET",
            "id": "agm-7zpvd6rzbi-cn8z94-GET",
            "request_models": {},
            "request_parameters": {},
            "request_parameters_in_json": null,
            "request_validator_id": "",
            "resource_id": "cn8z94",
            "rest_api_id": "7zpvd6rzbi"
          },
          "private": "bnVsbA==",
          "depends_on": [
            "aws_api_gateway_resource.trade_arbitrate",
            "aws_api_gateway_rest_api.bytabit"
          ]
        }
      ]
    },
    {
      "mode": "managed",
      "type": "aws_api_gateway_method",
      "name": "getAll_offer",
      "provider": "provider.aws",
      "instances": [
        {
          "schema_version": 0,
          "attributes": {
            "api_key_required": false,
            "authorization": "NONE",
            "authorization_scopes": [],
            "authorizer_id": "",
            "http_method": "GET",
            "id": "agm-7zpvd6rzbi-qw6iyr-GET",
            "request_models": {},
            "request_parameters": {},
            "request_parameters_in_json": null,
            "request_validator_id": "",
            "resource_id": "qw6iyr",
            "rest_api_id": "7zpvd6rzbi"
          },
          "private": "bnVsbA==",
          "depends_on": [
            "aws_api_gateway_resource.offers",
            "aws_api_gateway_rest_api.bytabit"
          ]
        }
      ]
    },
    {
      "mode": "managed",
      "type": "aws_api_gateway_method",
      "name": "getById_offer",
      "provider": "provider.aws",
      "instances": [
        {
          "schema_version": 0,
          "attributes": {
            "api_key_required": false,
            "authorization": "NONE",
            "authorization_scopes": [],
            "authorizer_id": "",
            "http_method": "GET",
            "id": "agm-7zpvd6rzbi-a495bd-GET",
            "request_models": {},
            "request_parameters": {},
            "request_parameters_in_json": null,
            "request_validator_id": "",
            "resource_id": "a495bd",
            "rest_api_id": "7zpvd6rzbi"
          },
          "private": "bnVsbA==",
          "depends_on": [
            "aws_api_gateway_resource.offer_id",
            "aws_api_gateway_rest_api.bytabit"
          ]
        }
      ]
    },
    {
      "mode": "managed",
      "type": "aws_api_gateway_method",
      "name": "getById_trade",
      "provider": "provider.aws",
      "instances": [
        {
          "schema_version": 0,
          "attributes": {
            "api_key_required": false,
            "authorization": "NONE",
            "authorization_scopes": [],
            "authorizer_id": "",
            "http_method": "GET",
            "id": "agm-7zpvd6rzbi-96wodc-GET",
            "request_models": {},
            "request_parameters": {},
            "request_parameters_in_json": null,
            "request_validator_id": "",
            "resource_id": "96wodc",
            "rest_api_id": "7zpvd6rzbi"
          },
          "private": "bnVsbA==",
          "depends_on": [
            "aws_api_gateway_resource.trade_id",
            "aws_api_gateway_rest_api.bytabit"
          ]
        }
      ]
    },
    {
      "mode": "managed",
      "type": "aws_api_gateway_method",
      "name": "getByOffer_trade",
      "provider": "provider.aws",
      "instances": [
        {
          "schema_version": 0,
          "attributes": {
            "api_key_required": false,
            "authorization": "NONE",
            "authorization_scopes": [],
            "authorizer_id": "",
            "http_method": "GET",
            "id": "agm-7zpvd6rzbi-dhh8po-GET",
            "request_models": {},
            "request_parameters": {},
            "request_parameters_in_json": null,
            "request_validator_id": "",
            "resource_id": "dhh8po",
            "rest_api_id": "7zpvd6rzbi"
          },
          "private": "bnVsbA==",
          "depends_on": [
            "aws_api_gateway_resource.offers_id_trades",
            "aws_api_gateway_rest_api.bytabit"
          ]
        }
      ]
    },
    {
      "mode": "managed",
      "type": "aws_api_gateway_method",
      "name": "get_badge",
      "provider": "provider.aws",
      "instances": [
        {
          "schema_version": 0,
          "attributes": {
            "api_key_required": false,
            "authorization": "NONE",
            "authorization_scopes": [],
            "authorizer_id": "",
            "http_method": "GET",
            "id": "agm-7zpvd6rzbi-fbf11e-GET",
            "request_models": {},
            "request_parameters": {},
            "request_parameters_in_json": null,
            "request_validator_id": "",
            "resource_id": "fbf11e",
            "rest_api_id": "7zpvd6rzbi"
          },
          "private": "bnVsbA==",
          "depends_on": [
            "aws_api_gateway_resource.badge_profilepubkey",
            "aws_api_gateway_rest_api.bytabit"
          ]
        }
      ]
    },
    {
      "mode": "managed",
      "type": "aws_api_gateway_method",
      "name": "get_version",
      "provider": "provider.aws",
      "instances": [
        {
          "schema_version": 0,
          "attributes": {
            "api_key_required": false,
            "authorization": "NONE",
            "authorization_scopes": [],
            "authorizer_id": "",
            "http_method": "GET",
            "id": "agm-7zpvd6rzbi-f7x1f0-GET",
            "request_models": {},
            "request_parameters": {},
            "request_parameters_in_json": null,
            "request_validator_id": "",
            "resource_id": "f7x1f0",
            "rest_api_id": "7zpvd6rzbi"
          },
          "private": "bnVsbA==",
          "depends_on": [
            "aws_api_gateway_resource.version",
            "aws_api_gateway_rest_api.bytabit"
          ]
        }
      ]
    },
    {
      "mode": "managed",
      "type": "aws_api_gateway_method",
      "name": "put_badge",
      "provider": "provider.aws",
      "instances": [
        {
          "schema_version": 0,
          "attributes": {
            "api_key_required": false,
            "authorization": "NONE",
            "authorization_scopes": [],
            "authorizer_id": "",
            "http_method": "PUT",
            "id": "agm-7zpvd6rzbi-iadrz4-PUT",
            "request_models": {},
            "request_parameters": {},
            "request_parameters_in_json": null,
            "request_validator_id": "",
            "resource_id": "iadrz4",
            "rest_api_id": "7zpvd6rzbi"
          },
          "private": "bnVsbA==",
          "depends_on": [
            "aws_api_gateway_resource.badge_id",
            "aws_api_gateway_rest_api.bytabit"
          ]
        }
      ]
    },
    {
      "mode": "managed",
      "type": "aws_api_gateway_method",
      "name": "put_offer",
      "provider": "provider.aws",
      "instances": [
        {
          "schema_version": 0,
          "attributes": {
            "api_key_required": false,
            "authorization": "NONE",
            "authorization_scopes": [],
            "authorizer_id": "",
            "http_method": "PUT",
            "id": "agm-7zpvd6rzbi-a495bd-PUT",
            "request_models": {},
            "request_parameters": {},
            "request_parameters_in_json": null,
            "request_validator_id": "",
            "resource_id": "a495bd",
            "rest_api_id": "7zpvd6rzbi"
          },
          "private": "bnVsbA==",
          "depends_on": [
            "aws_api_gateway_resource.offer_id",
            "aws_api_gateway_rest_api.bytabit"
          ]
        }
      ]
    },
    {
      "mode": "managed",
      "type": "aws_api_gateway_method",
      "name": "put_trade",
      "provider": "provider.aws",
      "instances": [
        {
          "schema_version": 0,
          "attributes": {
            "api_key_required": false,
            "authorization": "NONE",
            "authorization_scopes": [],
            "authorizer_id": "",
            "http_method": "PUT",
            "id": "agm-7zpvd6rzbi-96wodc-PUT",
            "request_models": {},
            "request_parameters": {},
            "request_parameters_in_json": null,
            "request_validator_id": "",
            "resource_id": "96wodc",
            "rest_api_id": "7zpvd6rzbi"
          },
          "private": "bnVsbA==",
          "depends_on": [
            "aws_api_gateway_resource.trade_id",
            "aws_api_gateway_rest_api.bytabit"
          ]
        }
      ]
    },
    {
      "mode": "managed",
      "type": "aws_api_gateway_resource",
      "name": "badge_id",
      "provider": "provider.aws",
      "instances": [
        {
          "schema_version": 0,
          "attributes": {
            "id": "iadrz4",
            "parent_id": "fbf11e",
            "path": "/badges/{profilePubKey}/{id}",
            "path_part": "{id}",
            "rest_api_id": "7zpvd6rzbi"
          },
          "private": "bnVsbA==",
          "depends_on": [
            "aws_api_gateway_resource.badge_profilepubkey",
            "aws_api_gateway_rest_api.bytabit"
          ]
        }
      ]
    },
    {
      "mode": "managed",
      "type": "aws_api_gateway_resource",
      "name": "badge_profilepubkey",
      "provider": "provider.aws",
      "instances": [
        {
          "schema_version": 0,
          "attributes": {
            "id": "fbf11e",
            "parent_id": "0a6bwa",
            "path": "/badges/{profilePubKey}",
            "path_part": "{profilePubKey}",
            "rest_api_id": "7zpvd6rzbi"
          },
          "private": "bnVsbA==",
          "depends_on": [
            "aws_api_gateway_resource.badges",
            "aws_api_gateway_rest_api.bytabit"
          ]
        }
      ]
    },
    {
      "mode": "managed",
      "type": "aws_api_gateway_resource",
      "name": "badges",
      "provider": "provider.aws",
      "instances": [
        {
          "schema_version": 0,
          "attributes": {
            "id": "0a6bwa",
            "parent_id": "6z8f04ll0c",
            "path": "/badges",
            "path_part": "badges",
            "rest_api_id": "7zpvd6rzbi"
          },
          "private": "bnVsbA==",
          "depends_on": [
            "aws_api_gateway_rest_api.bytabit"
          ]
        }
      ]
    },
    {
      "mode": "managed",
      "type": "aws_api_gateway_resource",
      "name": "offer_id",
      "provider": "provider.aws",
      "instances": [
        {
          "schema_version": 0,
          "attributes": {
            "id": "a495bd",
            "parent_id": "qw6iyr",
            "path": "/offers/{id}",
            "path_part": "{id}",
            "rest_api_id": "7zpvd6rzbi"
          },
          "private": "bnVsbA==",
          "depends_on": [
            "aws_api_gateway_resource.offers",
            "aws_api_gateway_rest_api.bytabit"
          ]
        }
      ]
    },
    {
      "mode": "managed",
      "type": "aws_api_gateway_resource",
      "name": "offers",
      "provider": "provider.aws",
      "instances": [
        {
          "schema_version": 0,
          "attributes": {
            "id": "qw6iyr",
            "parent_id": "6z8f04ll0c",
            "path": "/offers",
            "path_part": "offers",
            "rest_api_id": "7zpvd6rzbi"
          },
          "private": "bnVsbA==",
          "depends_on": [
            "aws_api_gateway_rest_api.bytabit"
          ]
        }
      ]
    },
    {
      "mode": "managed",
      "type": "aws_api_gateway_resource",
      "name": "offers_id_trades",
      "provider": "provider.aws",
      "instances": [
        {
          "schema_version": 0,
          "attributes": {
            "id": "dhh8po",
            "parent_id": "a495bd",
            "path": "/offers/{id}/trades",
            "path_part": "trades",
            "rest_api_id": "7zpvd6rzbi"
          },
          "private": "bnVsbA==",
          "depends_on": [
            "aws_api_gateway_resource.offer_id",
            "aws_api_gateway_rest_api.bytabit"
          ]
        }
      ]
    },
    {
      "mode": "managed",
      "type": "aws_api_gateway_resource",
      "name": "trade_arbitrate",
      "provider": "provider.aws",
      "instances": [
        {
          "schema_version": 0,
          "attributes": {
            "id": "cn8z94",
            "parent_id": "1l8qmc",
            "path": "/trades/arbitrate",
            "path_part": "arbitrate",
            "rest_api_id": "7zpvd6rzbi"
          },
          "private": "bnVsbA==",
          "depends_on": [
            "aws_api_gateway_resource.trades",
            "aws_api_gateway_rest_api.bytabit"
          ]
        }
      ]
    },
    {
      "mode": "managed",
      "type": "aws_api_gateway_resource",
      "name": "trade_id",
      "provider": "provider.aws",
      "instances": [
        {
          "schema_version": 0,
          "attributes": {
            "id": "96wodc",
            "parent_id": "1l8qmc",
            "path": "/trades/{id}",
            "path_part": "{id}",
            "rest_api_id": "7zpvd6rzbi"
          },
          "private": "bnVsbA==",
          "depends_on": [
            "aws_api_gateway_resource.trades",
            "aws_api_gateway_rest_api.bytabit"
          ]
        }
      ]
    },
    {
      "mode": "managed",
      "type": "aws_api_gateway_resource",
      "name": "trades",
      "provider": "provider.aws",
      "instances": [
        {
          "schema_version": 0,
          "attributes": {
            "id": "1l8qmc",
            "parent_id": "6z8f04ll0c",
            "path": "/trades",
            "path_part": "trades",
            "rest_api_id": "7zpvd6rzbi"
          },
          "private": "bnVsbA==",
          "depends_on": [
            "aws_api_gateway_rest_api.bytabit"
          ]
        }
      ]
    },
    {
      "mode": "managed",
      "type": "aws_api_gateway_resource",
      "name": "version",
      "provider": "provider.aws",
      "instances": [
        {
          "schema_version": 0,
          "attributes": {
            "id": "f7x1f0",
            "parent_id": "6z8f04ll0c",
            "path": "/version",
            "path_part": "version",
            "rest_api_id": "7zpvd6rzbi"
          },
          "private": "bnVsbA==",
          "depends_on": [
            "aws_api_gateway_rest_api.bytabit"
          ]
        }
      ]
    },
    {
      "mode": "managed",
      "type": "aws_api_gateway_rest_api",
      "name": "bytabit",
      "provider": "provider.aws",
      "instances": [
        {
          "schema_version": 0,
          "attributes": {
            "api_key_source": "HEADER",
            "binary_media_types": [],
            "body": null,
            "created_date": "2019-08-07T06:32:20Z",
            "description": "Bytabit Serverless APIs",
            "endpoint_configuration": [
              {
                "types": [
                  "EDGE"
                ]
              }
            ],
            "execution_arn": "arn:aws:execute-api:us-east-1:234360968295:7zpvd6rzbi",
            "id": "7zpvd6rzbi",
            "minimum_compression_size": -1,
            "name": "test_bytabit_serverless",
            "policy": "",
            "root_resource_id": "6z8f04ll0c"
          },
          "private": "bnVsbA=="
        }
      ]
    },
    {
      "mode": "managed",
      "type": "aws_cloudwatch_log_group",
      "name": "delete_offer",
      "provider": "provider.aws",
      "instances": [
        {
          "schema_version": 0,
          "attributes": {
            "arn": "arn:aws:logs:us-east-1:234360968295:log-group:/aws/lambda/test_delete_offer:*",
            "id": "/aws/lambda/test_delete_offer",
            "kms_key_id": "",
            "name": "/aws/lambda/test_delete_offer",
            "name_prefix": null,
            "retention_in_days": 30,
            "tags": {
              "Stage": "test"
            }
          },
          "private": "bnVsbA=="
        }
      ]
    },
    {
      "mode": "managed",
      "type": "aws_cloudwatch_log_group",
      "name": "getAllArbitrate_trade",
      "provider": "provider.aws",
      "instances": [
        {
          "schema_version": 0,
          "attributes": {
            "arn": "arn:aws:logs:us-east-1:234360968295:log-group:/aws/lambda/test_getAllArbitrate_trade:*",
            "id": "/aws/lambda/test_getAllArbitrate_trade",
            "kms_key_id": "",
            "name": "/aws/lambda/test_getAllArbitrate_trade",
            "name_prefix": null,
            "retention_in_days": 30,
            "tags": {
              "Stage": "test"
            }
          },
          "private": "bnVsbA=="
        }
      ]
    },
    {
      "mode": "managed",
      "type": "aws_cloudwatch_log_group",
      "name": "getAll_offer",
      "provider": "provider.aws",
      "instances": [
        {
          "schema_version": 0,
          "attributes": {
            "arn": "arn:aws:logs:us-east-1:234360968295:log-group:/aws/lambda/test_getAll_offer:*",
            "id": "/aws/lambda/test_getAll_offer",
            "kms_key_id": "",
            "name": "/aws/lambda/test_getAll_offer",
            "name_prefix": null,
            "retention_in_days": 30,
            "tags": {
              "Stage": "test"
            }
          },
          "private": "bnVsbA=="
        }
      ]
    },
    {
      "mode": "managed",
      "type": "aws_cloudwatch_log_group",
      "name": "getById_offer",
      "provider": "provider.aws",
      "instances": [
        {
          "schema_version": 0,
          "attributes": {
            "arn": "arn:aws:logs:us-east-1:234360968295:log-group:/aws/lambda/test_getById_offer:*",
            "id": "/aws/lambda/test_getById_offer",
            "kms_key_id": "",
            "name": "/aws/lambda/test_getById_offer",
            "name_prefix": null,
            "retention_in_days": 30,
            "tags": {
              "Stage": "test"
            }
          },
          "private": "bnVsbA=="
        }
      ]
    },
    {
      "mode": "managed",
      "type": "aws_cloudwatch_log_group",
      "name": "getById_trade",
      "provider": "provider.aws",
      "instances": [
        {
          "schema_version": 0,
          "attributes": {
            "arn": "arn:aws:logs:us-east-1:234360968295:log-group:/aws/lambda/test_getById_trade:*",
            "id": "/aws/lambda/test_getById_trade",
            "kms_key_id": "",
            "name": "/aws/lambda/test_getById_trade",
            "name_prefix": null,
            "retention_in_days": 30,
            "tags": {
              "Stage": "test"
            }
          },
          "private": "bnVsbA=="
        }
      ]
    },
    {
      "mode": "managed",
      "type": "aws_cloudwatch_log_group",
      "name": "getByOffer_trade",
      "provider": "provider.aws",
      "instances": [
        {
          "schema_version": 0,
          "attributes": {
            "arn": "arn:aws:logs:us-east-1:234360968295:log-group:/aws/lambda/test_getByOffer_trade:*",
            "id": "/aws/lambda/test_getByOffer_trade",
            "kms_key_id": "",
            "name": "/aws/lambda/test_getByOffer_trade",
            "name_prefix": null,
            "retention_in_days": 30,
            "tags": {
              "Stage": "test"
            }
          },
          "private": "bnVsbA=="
        }
      ]
    },
    {
      "mode": "managed",
      "type": "aws_cloudwatch_log_group",
      "name": "get_badge",
      "provider": "provider.aws",
      "instances": [
        {
          "schema_version": 0,
          "attributes": {
            "arn": "arn:aws:logs:us-east-1:234360968295:log-group:/aws/lambda/test_get_badge:*",
            "id": "/aws/lambda/test_get_badge",
            "kms_key_id": "",
            "name": "/aws/lambda/test_get_badge",
            "name_prefix": null,
            "retention_in_days": 30,
            "tags": {
              "Stage": "test"
            }
          },
          "private": "bnVsbA=="
        }
      ]
    },
    {
      "mode": "managed",
      "type": "aws_cloudwatch_log_group",
      "name": "get_version",
      "provider": "provider.aws",
      "instances": [
        {
          "schema_version": 0,
          "attributes": {
            "arn": "arn:aws:logs:us-east-1:234360968295:log-group:/aws/lambda/test_get_version:*",
            "id": "/aws/lambda/test_get_version",
            "kms_key_id": "",
            "name": "/aws/lambda/test_get_version",
            "name_prefix": null,
            "retention_in_days": 30,
            "tags": {
              "Stage": "test"
            }
          },
          "private": "bnVsbA=="
        }
      ]
    },
    {
      "mode": "managed",
      "type": "aws_cloudwatch_log_group",
      "name": "put_badge",
      "provider": "provider.aws",
      "instances": [
        {
          "schema_version": 0,
          "attributes": {
            "arn": "arn:aws:logs:us-east-1:234360968295:log-group:/aws/lambda/test_put_badge:*",
            "id": "/aws/lambda/test_put_badge",
            "kms_key_id": "",
            "name": "/aws/lambda/test_put_badge",
            "name_prefix": null,
            "retention_in_days": 30,
            "tags": {
              "Stage": "test"
            }
          },
          "private": "bnVsbA=="
        }
      ]
    },
    {
      "mode": "managed",
      "type": "aws_cloudwatch_log_group",
      "name": "put_offer",
      "provider": "provider.aws",
      "instances": [
        {
          "schema_version": 0,
          "attributes": {
            "arn": "arn:aws:logs:us-east-1:234360968295:log-group:/aws/lambda/test_put_offer:*",
            "id": "/aws/lambda/test_put_offer",
            "kms_key_id": "",
            "name": "/aws/lambda/test_put_offer",
            "name_prefix": null,
            "retention_in_days": 30,
            "tags": {
              "Stage": "test"
            }
          },
          "private": "bnVsbA=="
        }
      ]
    },
    {
      "mode": "managed",
      "type": "aws_cloudwatch_log_group",
      "name": "put_trade",
      "provider": "provider.aws",
      "instances": [
        {
          "schema_version": 0,
          "attributes": {
            "arn": "arn:aws:logs:us-east-1:234360968295:log-group:/aws/lambda/test_put_trade:*",
            "id": "/aws/lambda/test_put_trade",
            "kms_key_id": "",
            "name": "/aws/lambda/test_put_trade",
            "name_prefix": null,
            "retention_in_days": 30,
            "tags": {
              "Stage": "test"
            }
          },
          "private": "bnVsbA=="
        }
      ]
    },
    {
      "mode": "managed",
      "type": "aws_dynamodb_table",
      "name": "badge",
      "provider": "provider.aws",
      "instances": [
        {
          "schema_version": 1,
          "attributes": {
            "arn": "arn:aws:dynamodb:us-east-1:234360968295:table/test_badge",
            "attribute": [
              {
                "name": "id",
                "type": "S"
              },
              {
                "name": "profilePubKey",
                "type": "S"
              }
            ],
            "billing_mode": "PROVISIONED",
            "global_secondary_index": [],
            "hash_key": "profilePubKey",
            "id": "test_badge",
            "local_secondary_index": [],
            "name": "test_badge",
            "point_in_time_recovery": [
              {
                "enabled": false
              }
            ],
            "range_key": "id",
            "read_capacity": 1,
            "server_side_encryption": [],
            "stream_arn": "",
            "stream_enabled": false,
            "stream_label": "",
            "stream_view_type": "",
            "tags": {
              "Name": "badge",
              "Stage": "test"
            },
            "timeouts": null,
            "ttl": [
              {
                "attribute_name": "",
                "enabled": false
              }
            ],
            "write_capacity": 1
          },
          "private": "eyJlMmJmYjczMC1lY2FhLTExZTYtOGY4OC0zNDM2M2JjN2M0YzAiOnsiY3JlYXRlIjo2MDAwMDAwMDAwMDAsImRlbGV0ZSI6NjAwMDAwMDAwMDAwLCJ1cGRhdGUiOjM2MDAwMDAwMDAwMDB9LCJzY2hlbWFfdmVyc2lvbiI6IjEifQ=="
        }
      ]
    },
    {
      "mode": "managed",
      "type": "aws_dynamodb_table",
      "name": "offer",
      "provider": "provider.aws",
      "instances": [
        {
          "schema_version": 1,
          "attributes": {
            "arn": "arn:aws:dynamodb:us-east-1:234360968295:table/test_offer",
            "attribute": [
              {
                "name": "id",
                "type": "S"
              }
            ],
            "billing_mode": "PROVISIONED",
            "global_secondary_index": [],
            "hash_key": "id",
            "id": "test_offer",
            "local_secondary_index": [],
            "name": "test_offer",
            "point_in_time_recovery": [
              {
                "enabled": false
              }
            ],
            "range_key": null,
            "read_capacity": 1,
            "server_side_encryption": [],
            "stream_arn": "",
            "stream_enabled": false,
            "stream_label": "",
            "stream_view_type": "",
            "tags": {
              "Name": "offer",
              "Stage": "test"
            },
            "timeouts": null,
            "ttl": [
              {
                "attribute_name": "",
                "enabled": false
              }
            ],
            "write_capacity": 1
          },
          "private": "eyJlMmJmYjczMC1lY2FhLTExZTYtOGY4OC0zNDM2M2JjN2M0YzAiOnsiY3JlYXRlIjo2MDAwMDAwMDAwMDAsImRlbGV0ZSI6NjAwMDAwMDAwMDAwLCJ1cGRhdGUiOjM2MDAwMDAwMDAwMDB9LCJzY2hlbWFfdmVyc2lvbiI6IjEifQ=="
        }
      ]
    },
    {
      "mode": "managed",
      "type": "aws_dynamodb_table",
      "name": "trade",
      "provider": "provider.aws",
      "instances": [
        {
          "schema_version": 1,
          "attributes": {
            "arn": "arn:aws:dynamodb:us-east-1:234360968295:table/test_trade",
            "attribute": [
              {
                "name": "id",
                "type": "S"
              },
              {
                "name": "offerId",
                "type": "S"
              },
              {
                "name": "version",
                "type": "N"
              }
            ],
            "billing_mode": "PROVISIONED",
            "global_secondary_index": [
              {
                "hash_key": "offerId",
                "name": "offerIndex",
                "non_key_attributes": [],
                "projection_type": "ALL",
                "range_key": "id",
                "read_capacity": 1,
                "write_capacity": 1
              }
            ],
            "hash_key": "id",
            "id": "test_trade",
            "local_secondary_index": [],
            "name": "test_trade",
            "point_in_time_recovery": [
              {
                "enabled": false
              }
            ],
            "range_key": "version",
            "read_capacity": 1,
            "server_side_encryption": [],
            "stream_arn": "",
            "stream_enabled": false,
            "stream_label": "",
            "stream_view_type": "",
            "tags": {
              "Name": "trade",
              "Stage": "test"
            },
            "timeouts": null,
            "ttl": [
              {
                "attribute_name": "",
                "enabled": false
              }
            ],
            "write_capacity": 1
          },
          "private": "eyJlMmJmYjczMC1lY2FhLTExZTYtOGY4OC0zNDM2M2JjN2M0YzAiOnsiY3JlYXRlIjo2MDAwMDAwMDAwMDAsImRlbGV0ZSI6NjAwMDAwMDAwMDAwLCJ1cGRhdGUiOjM2MDAwMDAwMDAwMDB9LCJzY2hlbWFfdmVyc2lvbiI6IjEifQ=="
        }
      ]
    },
    {
      "mode": "managed",
      "type": "aws_ebs_volume",
      "name": "dojo_docker",
      "provider": "provider.aws",
      "instances": [
        {
          "schema_version": 0,
          "attributes": {
            "arn": "arn:aws:ec2:us-east-1:234360968295:volume/vol-0406320b657d83dd5",
            "availability_zone": "us-east-1a",
            "encrypted": false,
            "id": "vol-0406320b657d83dd5",
            "iops": 600,
            "kms_key_id": "",
            "size": 200,
            "snapshot_id": "",
            "tags": {
              "Name": "test-dojo-volume",
              "Stage": "test"
            },
            "type": "gp2"
          },
          "private": "bnVsbA=="
        }
      ]
    },
    {
      "mode": "managed",
      "type": "aws_eip",
      "name": "dojo-eip",
      "provider": "provider.aws",
      "instances": [
        {
          "schema_version": 0,
          "attributes": {
            "allocation_id": null,
            "associate_with_private_ip": null,
            "association_id": "eipassoc-00aa79ba604f98a4c",
            "domain": "vpc",
            "id": "eipalloc-0abc1e7c13874e212",
            "instance": "i-0398171e218282dab",
            "network_interface": "eni-06129eb460267fa3f",
            "private_dns": "ip-172-31-9-73.ec2.internal",
            "private_ip": "172.31.9.73",
            "public_dns": "ec2-3-227-29-251.compute-1.amazonaws.com",
            "public_ip": "3.227.29.251",
            "public_ipv4_pool": "amazon",
            "tags": null,
            "timeouts": null,
            "vpc": true
          },
          "private": "eyJlMmJmYjczMC1lY2FhLTExZTYtOGY4OC0zNDM2M2JjN2M0YzAiOnsiZGVsZXRlIjoxODAwMDAwMDAwMDAsInJlYWQiOjkwMDAwMDAwMDAwMCwidXBkYXRlIjozMDAwMDAwMDAwMDB9fQ==",
          "depends_on": [
            "aws_instance.dojo"
          ]
        }
      ]
    },
    {
      "mode": "managed",
      "type": "aws_iam_role",
      "name": "lambda_exec",
      "provider": "provider.aws",
      "instances": [
        {
          "schema_version": 0,
          "attributes": {
            "arn": "arn:aws:iam::234360968295:role/test_lambda_exec",
            "assume_role_policy": "{\"Version\":\"2012-10-17\",\"Statement\":[{\"Sid\":\"\",\"Effect\":\"Allow\",\"Principal\":{\"Service\":\"lambda.amazonaws.com\"},\"Action\":\"sts:AssumeRole\"}]}",
            "create_date": "2019-08-07T06:32:18Z",
            "description": "",
            "force_detach_policies": false,
            "id": "test_lambda_exec",
            "max_session_duration": 3600,
            "name": "test_lambda_exec",
            "name_prefix": null,
            "path": "/",
            "permissions_boundary": null,
            "tags": {},
            "unique_id": "AROATNEIASRT5WONGDEDQ"
          },
          "private": "bnVsbA=="
        }
      ]
    },
    {
      "mode": "managed",
      "type": "aws_iam_role_policy",
      "name": "lambda_dynamo",
      "provider": "provider.aws",
      "instances": [
        {
          "schema_version": 0,
          "attributes": {
            "id": "test_lambda_exec:test_lambda_dynamo",
            "name": "test_lambda_dynamo",
            "name_prefix": null,
            "policy": "{\n  \"Version\": \"2012-10-17\",\n  \"Statement\": [\n        {\n            \"Action\": [\n                \"dynamodb:*\"\n            ],\n            \"Effect\": \"Allow\",\n            \"Resource\": [\n              \"arn:aws:dynamodb:us-east-1:234360968295:table/test_badge\",\n              \"arn:aws:dynamodb:us-east-1:234360968295:table/test_offer\",\n              \"arn:aws:dynamodb:us-east-1:234360968295:table/test_trade\",\n              \"arn:aws:dynamodb:us-east-1:234360968295:table/test_trade/*/*\"\n            ]\n        }\n    ]\n}\n",
            "role": "test_lambda_exec"
          },
          "private": "bnVsbA==",
          "depends_on": [
            "aws_dynamodb_table.badge",
            "aws_dynamodb_table.offer",
            "aws_dynamodb_table.trade",
            "aws_iam_role.lambda_exec"
          ]
        }
      ]
    },
    {
      "mode": "managed",
      "type": "aws_iam_role_policy",
      "name": "lambda_logging",
      "provider": "provider.aws",
      "instances": [
        {
          "schema_version": 0,
          "attributes": {
            "id": "test_lambda_exec:test_lambda_logging",
            "name": "test_lambda_logging",
            "name_prefix": null,
            "policy": "{\n  \"Version\": \"2012-10-17\",\n  \"Statement\": [\n        {\n            \"Action\": [\n                \"logs:CreateLogGroup\",\n                 \"logs:CreateLogStream\",\n                 \"logs:PutLogEvents\"\n            ],\n            \"Effect\": \"Allow\",\n            \"Resource\": \"arn:aws:logs:*:*:*\"\n        }\n    ]\n}\n",
            "role": "test_lambda_exec"
          },
          "private": "bnVsbA==",
          "depends_on": [
            "aws_iam_role.lambda_exec"
          ]
        }
      ]
    },
    {
      "mode": "managed",
      "type": "aws_instance",
      "name": "dojo",
      "provider": "provider.aws",
      "instances": [
        {
          "schema_version": 1,
          "attributes": {
            "ami": "ami-024582e76075564db",
            "arn": "arn:aws:ec2:us-east-1:234360968295:instance/i-0398171e218282dab",
            "associate_public_ip_address": true,
            "availability_zone": "us-east-1a",
            "cpu_core_count": 1,
            "cpu_threads_per_core": 2,
            "credit_specification": [],
            "disable_api_termination": false,
            "ebs_block_device": [],
            "ebs_optimized": false,
            "ephemeral_block_device": [],
            "get_password_data": false,
            "host_id": null,
            "iam_instance_profile": "",
            "id": "i-0398171e218282dab",
            "instance_initiated_shutdown_behavior": null,
            "instance_state": "running",
            "instance_type": "c5.large",
            "ipv6_address_count": 0,
            "ipv6_addresses": [],
            "key_name": "test_dojo-key",
            "monitoring": false,
            "network_interface": [],
            "network_interface_id": null,
            "password_data": "",
            "placement_group": "",
            "primary_network_interface_id": "eni-06129eb460267fa3f",
            "private_dns": "ip-172-31-9-73.ec2.internal",
            "private_ip": "172.31.9.73",
            "public_dns": "ec2-34-201-205-211.compute-1.amazonaws.com",
            "public_ip": "34.201.205.211",
            "root_block_device": [
              {
                "delete_on_termination": true,
                "iops": 100,
                "volume_id": "vol-0f81fb9b78679cb2b",
                "volume_size": 8,
                "volume_type": "gp2"
              }
            ],
            "security_groups": [
              "test_dojo-in-out-access"
            ],
            "source_dest_check": true,
            "subnet_id": "subnet-b8366cdf",
            "tags": {
              "Name": "test-dojo",
              "Stage": "test"
            },
            "tenancy": "default",
            "timeouts": null,
            "user_data": "d152569cd5619b56c39413dd01c7f8e0eae4ee0b",
            "user_data_base64": null,
            "volume_tags": {},
            "vpc_security_group_ids": [
              "sg-018584a938007f345"
            ]
          },
          "private": "eyJlMmJmYjczMC1lY2FhLTExZTYtOGY4OC0zNDM2M2JjN2M0YzAiOnsiY3JlYXRlIjo2MDAwMDAwMDAwMDAsImRlbGV0ZSI6MTIwMDAwMDAwMDAwMCwidXBkYXRlIjo2MDAwMDAwMDAwMDB9LCJzY2hlbWFfdmVyc2lvbiI6IjEifQ==",
          "depends_on": [
            "aws_key_pair.dojo-key",
            "aws_security_group.dojo-instance-sg",
            "data.aws_ami.ubuntu"
          ]
        }
      ]
    },
    {
      "mode": "managed",
      "type": "aws_key_pair",
      "name": "dojo-key",
      "provider": "provider.aws",
      "instances": [
        {
          "schema_version": 1,
          "attributes": {
            "fingerprint": "9a:4a:98:c6:7f:a9:2f:d4:69:18:2a:00:65:91:35:64",
            "id": "test_dojo-key",
            "key_name": "test_dojo-key",
            "key_name_prefix": null,
            "public_key": "ssh-rsa AAAAB3NzaC1yc2EAAAADAQABAAABAQC3INZFWQiaWkwpUrhfpOj/zI+lQP2M7bY2sGiKcnODKH9iUIvvLPelRP4BJOhNbLZXnCqTyoU1ycgP7pUkZ9v3cNqt3G94lz2VJZ423xFm228BcaUHA1Pxi6XCc9PhkTpqPtFfNvX7a3cqoFYhRrHQihnG7x2IJjlwdo1QoOMZ3kL7YKHUAHkar3h8fV/tfmqq/8BOQoscobLzskXqsKgCu/bTQAnBD5IPiKZcv6q8ZWPlg5FmsO/vA/SeiQJyP8U4YwTRpPkqT4YYOOjGvfYPuPq1HEunIrMr28fSmhTzlXWBtE1IrV6qDz+XFnHyXaMlXnm8dAkZUG/DpPu9/RL3 steve@Stevens-MacBook-Pro.local"
          },
          "private": "eyJzY2hlbWFfdmVyc2lvbiI6IjEifQ=="
        }
      ]
    },
    {
      "mode": "managed",
      "type": "aws_lambda_function",
      "name": "delete_offer",
      "provider": "provider.aws",
      "instances": [
        {
          "schema_version": 0,
          "attributes": {
            "arn": "arn:aws:lambda:us-east-1:234360968295:function:test_delete_offer",
            "dead_letter_config": [],
            "description": "",
            "environment": [
              {
                "variables": {
                  "BADGE_TABLE": "test_badge",
                  "OFFER_TABLE": "test_offer"
                }
              }
            ],
            "filename": null,
            "function_name": "test_delete_offer",
            "handler": "com.bytabit.serverless.offer.DeleteOfferHandler",
            "id": "test_delete_offer",
            "invoke_arn": "arn:aws:apigateway:us-east-1:lambda:path/2015-03-31/functions/arn:aws:lambda:us-east-1:234360968295:function:test_delete_offer/invocations",
            "kms_key_arn": "",
            "last_modified": "2019-09-03T05:46:33.114+0000",
            "layers": [],
            "memory_size": 256,
            "publish": false,
            "qualified_arn": "arn:aws:lambda:us-east-1:234360968295:function:test_delete_offer:$LATEST",
            "reserved_concurrent_executions": -1,
            "role": "arn:aws:iam::234360968295:role/test_lambda_exec",
            "runtime": "java8",
            "s3_bucket": "bytabit-serverless",
            "s3_key": "v0.5.0/bytabit-serverless.zip",
            "s3_object_version": null,
            "source_code_hash": "6UOT8fYAy3KZRDo+5ZucepZ7tJzVx4OmQ3ARORsg4Kc=",
            "source_code_size": 9782481,
            "tags": {},
            "timeout": 10,
            "timeouts": null,
            "tracing_config": [
              {
                "mode": "PassThrough"
              }
            ],
            "version": "$LATEST",
            "vpc_config": []
          },
          "private": "eyJlMmJmYjczMC1lY2FhLTExZTYtOGY4OC0zNDM2M2JjN2M0YzAiOnsiY3JlYXRlIjo2MDAwMDAwMDAwMDB9fQ==",
          "depends_on": [
            "aws_cloudwatch_log_group.getById_offer",
            "aws_dynamodb_table.badge",
            "aws_dynamodb_table.offer",
            "aws_iam_role.lambda_exec",
            "aws_iam_role_policy.lambda_dynamo",
            "aws_iam_role_policy.lambda_logging"
          ]
        }
      ]
    },
    {
      "mode": "managed",
      "type": "aws_lambda_function",
      "name": "getAllArbitrate_trade",
      "provider": "provider.aws",
      "instances": [
        {
          "schema_version": 0,
          "attributes": {
            "arn": "arn:aws:lambda:us-east-1:234360968295:function:test_getAllArbitrate_trade",
            "dead_letter_config": [],
            "description": "",
            "environment": [
              {
                "variables": {
                  "TRADE_TABLE": "test_trade"
                }
              }
            ],
            "filename": null,
            "function_name": "test_getAllArbitrate_trade",
            "handler": "com.bytabit.serverless.trade.GetAllArbitrateTradeHandler",
            "id": "test_getAllArbitrate_trade",
            "invoke_arn": "arn:aws:apigateway:us-east-1:lambda:path/2015-03-31/functions/arn:aws:lambda:us-east-1:234360968295:function:test_getAllArbitrate_trade/invocations",
            "kms_key_arn": "",
            "last_modified": "2019-09-03T05:46:32.824+0000",
            "layers": [],
            "memory_size": 256,
            "publish": false,
            "qualified_arn": "arn:aws:lambda:us-east-1:234360968295:function:test_getAllArbitrate_trade:$LATEST",
            "reserved_concurrent_executions": -1,
            "role": "arn:aws:iam::234360968295:role/test_lambda_exec",
            "runtime": "java8",
            "s3_bucket": "bytabit-serverless",
            "s3_key": "v0.5.0/bytabit-serverless.zip",
            "s3_object_version": null,
            "source_code_hash": "6UOT8fYAy3KZRDo+5ZucepZ7tJzVx4OmQ3ARORsg4Kc=",
            "source_code_size": 9782481,
            "tags": {},
            "timeout": 10,
            "timeouts": null,
            "tracing_config": [
              {
                "mode": "PassThrough"
              }
            ],
            "version": "$LATEST",
            "vpc_config": []
          },
          "private": "eyJlMmJmYjczMC1lY2FhLTExZTYtOGY4OC0zNDM2M2JjN2M0YzAiOnsiY3JlYXRlIjo2MDAwMDAwMDAwMDB9fQ==",
          "depends_on": [
            "aws_cloudwatch_log_group.getAllArbitrate_trade",
            "aws_dynamodb_table.trade",
            "aws_iam_role.lambda_exec",
            "aws_iam_role_policy.lambda_dynamo",
            "aws_iam_role_policy.lambda_logging"
          ]
        }
      ]
    },
    {
      "mode": "managed",
      "type": "aws_lambda_function",
      "name": "getAll_offer",
      "provider": "provider.aws",
      "instances": [
        {
          "schema_version": 0,
          "attributes": {
            "arn": "arn:aws:lambda:us-east-1:234360968295:function:test_getAll_offer",
            "dead_letter_config": [],
            "description": "",
            "environment": [
              {
                "variables": {
                  "BADGE_TABLE": "test_badge",
                  "OFFER_TABLE": "test_offer"
                }
              }
            ],
            "filename": null,
            "function_name": "test_getAll_offer",
            "handler": "com.bytabit.serverless.offer.GetAllOfferHandler",
            "id": "test_getAll_offer",
            "invoke_arn": "arn:aws:apigateway:us-east-1:lambda:path/2015-03-31/functions/arn:aws:lambda:us-east-1:234360968295:function:test_getAll_offer/invocations",
            "kms_key_arn": "",
            "last_modified": "2019-09-03T05:46:32.867+0000",
            "layers": [],
            "memory_size": 256,
            "publish": false,
            "qualified_arn": "arn:aws:lambda:us-east-1:234360968295:function:test_getAll_offer:$LATEST",
            "reserved_concurrent_executions": -1,
            "role": "arn:aws:iam::234360968295:role/test_lambda_exec",
            "runtime": "java8",
            "s3_bucket": "bytabit-serverless",
            "s3_key": "v0.5.0/bytabit-serverless.zip",
            "s3_object_version": null,
            "source_code_hash": "6UOT8fYAy3KZRDo+5ZucepZ7tJzVx4OmQ3ARORsg4Kc=",
            "source_code_size": 9782481,
            "tags": {},
            "timeout": 10,
            "timeouts": null,
            "tracing_config": [
              {
                "mode": "PassThrough"
              }
            ],
            "version": "$LATEST",
            "vpc_config": []
          },
          "private": "eyJlMmJmYjczMC1lY2FhLTExZTYtOGY4OC0zNDM2M2JjN2M0YzAiOnsiY3JlYXRlIjo2MDAwMDAwMDAwMDB9fQ==",
          "depends_on": [
            "aws_cloudwatch_log_group.getAll_offer",
            "aws_dynamodb_table.badge",
            "aws_dynamodb_table.offer",
            "aws_iam_role.lambda_exec",
            "aws_iam_role_policy.lambda_dynamo",
            "aws_iam_role_policy.lambda_logging"
          ]
        }
      ]
    },
    {
      "mode": "managed",
      "type": "aws_lambda_function",
      "name": "getById_offer",
      "provider": "provider.aws",
      "instances": [
        {
          "schema_version": 0,
          "attributes": {
            "arn": "arn:aws:lambda:us-east-1:234360968295:function:test_getById_offer",
            "dead_letter_config": [],
            "description": "",
            "environment": [
              {
                "variables": {
                  "BADGE_TABLE": "test_badge",
                  "OFFER_TABLE": "test_offer"
                }
              }
            ],
            "filename": null,
            "function_name": "test_getById_offer",
            "handler": "com.bytabit.serverless.offer.GetByIdOfferHandler",
            "id": "test_getById_offer",
            "invoke_arn": "arn:aws:apigateway:us-east-1:lambda:path/2015-03-31/functions/arn:aws:lambda:us-east-1:234360968295:function:test_getById_offer/invocations",
            "kms_key_arn": "",
            "last_modified": "2019-09-03T05:46:32.960+0000",
            "layers": [],
            "memory_size": 256,
            "publish": false,
            "qualified_arn": "arn:aws:lambda:us-east-1:234360968295:function:test_getById_offer:$LATEST",
            "reserved_concurrent_executions": -1,
            "role": "arn:aws:iam::234360968295:role/test_lambda_exec",
            "runtime": "java8",
            "s3_bucket": "bytabit-serverless",
            "s3_key": "v0.5.0/bytabit-serverless.zip",
            "s3_object_version": null,
            "source_code_hash": "6UOT8fYAy3KZRDo+5ZucepZ7tJzVx4OmQ3ARORsg4Kc=",
            "source_code_size": 9782481,
            "tags": {},
            "timeout": 10,
            "timeouts": null,
            "tracing_config": [
              {
                "mode": "PassThrough"
              }
            ],
            "version": "$LATEST",
            "vpc_config": []
          },
          "private": "eyJlMmJmYjczMC1lY2FhLTExZTYtOGY4OC0zNDM2M2JjN2M0YzAiOnsiY3JlYXRlIjo2MDAwMDAwMDAwMDB9fQ==",
          "depends_on": [
            "aws_cloudwatch_log_group.getById_offer",
            "aws_dynamodb_table.badge",
            "aws_dynamodb_table.offer",
            "aws_iam_role.lambda_exec",
            "aws_iam_role_policy.lambda_dynamo",
            "aws_iam_role_policy.lambda_logging"
          ]
        }
      ]
    },
    {
      "mode": "managed",
      "type": "aws_lambda_function",
      "name": "getById_trade",
      "provider": "provider.aws",
      "instances": [
        {
          "schema_version": 0,
          "attributes": {
            "arn": "arn:aws:lambda:us-east-1:234360968295:function:test_getById_trade",
            "dead_letter_config": [],
            "description": "",
            "environment": [
              {
                "variables": {
                  "TRADE_TABLE": "test_trade"
                }
              }
            ],
            "filename": null,
            "function_name": "test_getById_trade",
            "handler": "com.bytabit.serverless.trade.GetByIdTradeHandler",
            "id": "test_getById_trade",
            "invoke_arn": "arn:aws:apigateway:us-east-1:lambda:path/2015-03-31/functions/arn:aws:lambda:us-east-1:234360968295:function:test_getById_trade/invocations",
            "kms_key_arn": "",
            "last_modified": "2019-09-03T05:46:32.850+0000",
            "layers": [],
            "memory_size": 256,
            "publish": false,
            "qualified_arn": "arn:aws:lambda:us-east-1:234360968295:function:test_getById_trade:$LATEST",
            "reserved_concurrent_executions": -1,
            "role": "arn:aws:iam::234360968295:role/test_lambda_exec",
            "runtime": "java8",
            "s3_bucket": "bytabit-serverless",
            "s3_key": "v0.5.0/bytabit-serverless.zip",
            "s3_object_version": null,
            "source_code_hash": "6UOT8fYAy3KZRDo+5ZucepZ7tJzVx4OmQ3ARORsg4Kc=",
            "source_code_size": 9782481,
            "tags": {},
            "timeout": 10,
            "timeouts": null,
            "tracing_config": [
              {
                "mode": "PassThrough"
              }
            ],
            "version": "$LATEST",
            "vpc_config": []
          },
          "private": "eyJlMmJmYjczMC1lY2FhLTExZTYtOGY4OC0zNDM2M2JjN2M0YzAiOnsiY3JlYXRlIjo2MDAwMDAwMDAwMDB9fQ==",
          "depends_on": [
            "aws_cloudwatch_log_group.getById_trade",
            "aws_dynamodb_table.trade",
            "aws_iam_role.lambda_exec",
            "aws_iam_role_policy.lambda_dynamo",
            "aws_iam_role_policy.lambda_logging"
          ]
        }
      ]
    },
    {
      "mode": "managed",
      "type": "aws_lambda_function",
      "name": "getByOffer_trade",
      "provider": "provider.aws",
      "instances": [
        {
          "schema_version": 0,
          "attributes": {
            "arn": "arn:aws:lambda:us-east-1:234360968295:function:test_getByOffer_trade",
            "dead_letter_config": [],
            "description": "",
            "environment": [
              {
                "variables": {
                  "TRADE_TABLE": "test_trade"
                }
              }
            ],
            "filename": null,
            "function_name": "test_getByOffer_trade",
            "handler": "com.bytabit.serverless.trade.GetByOfferTradeHandler",
            "id": "test_getByOffer_trade",
            "invoke_arn": "arn:aws:apigateway:us-east-1:lambda:path/2015-03-31/functions/arn:aws:lambda:us-east-1:234360968295:function:test_getByOffer_trade/invocations",
            "kms_key_arn": "",
            "last_modified": "2019-09-03T05:46:32.874+0000",
            "layers": [],
            "memory_size": 256,
            "publish": false,
            "qualified_arn": "arn:aws:lambda:us-east-1:234360968295:function:test_getByOffer_trade:$LATEST",
            "reserved_concurrent_executions": -1,
            "role": "arn:aws:iam::234360968295:role/test_lambda_exec",
            "runtime": "java8",
            "s3_bucket": "bytabit-serverless",
            "s3_key": "v0.5.0/bytabit-serverless.zip",
            "s3_object_version": null,
            "source_code_hash": "6UOT8fYAy3KZRDo+5ZucepZ7tJzVx4OmQ3ARORsg4Kc=",
            "source_code_size": 9782481,
            "tags": {},
            "timeout": 10,
            "timeouts": null,
            "tracing_config": [
              {
                "mode": "PassThrough"
              }
            ],
            "version": "$LATEST",
            "vpc_config": []
          },
          "private": "eyJlMmJmYjczMC1lY2FhLTExZTYtOGY4OC0zNDM2M2JjN2M0YzAiOnsiY3JlYXRlIjo2MDAwMDAwMDAwMDB9fQ==",
          "depends_on": [
            "aws_cloudwatch_log_group.getByOffer_trade",
            "aws_dynamodb_table.trade",
            "aws_iam_role.lambda_exec",
            "aws_iam_role_policy.lambda_dynamo",
            "aws_iam_role_policy.lambda_logging"
          ]
        }
      ]
    },
    {
      "mode": "managed",
      "type": "aws_lambda_function",
      "name": "get_badge",
      "provider": "provider.aws",
      "instances": [
        {
          "schema_version": 0,
          "attributes": {
            "arn": "arn:aws:lambda:us-east-1:234360968295:function:test_get_badge",
            "dead_letter_config": [],
            "description": "",
            "environment": [
              {
                "variables": {
                  "BADGE_TABLE": "test_badge"
                }
              }
            ],
            "filename": null,
            "function_name": "test_get_badge",
            "handler": "com.bytabit.serverless.badge.GetBadgeHandler",
            "id": "test_get_badge",
            "invoke_arn": "arn:aws:apigateway:us-east-1:lambda:path/2015-03-31/functions/arn:aws:lambda:us-east-1:234360968295:function:test_get_badge/invocations",
            "kms_key_arn": "",
            "last_modified": "2019-09-03T05:46:32.959+0000",
            "layers": [],
            "memory_size": 256,
            "publish": false,
            "qualified_arn": "arn:aws:lambda:us-east-1:234360968295:function:test_get_badge:$LATEST",
            "reserved_concurrent_executions": -1,
            "role": "arn:aws:iam::234360968295:role/test_lambda_exec",
            "runtime": "java8",
            "s3_bucket": "bytabit-serverless",
            "s3_key": "v0.5.0/bytabit-serverless.zip",
            "s3_object_version": null,
            "source_code_hash": "6UOT8fYAy3KZRDo+5ZucepZ7tJzVx4OmQ3ARORsg4Kc=",
            "source_code_size": 9782481,
            "tags": {},
            "timeout": 10,
            "timeouts": null,
            "tracing_config": [
              {
                "mode": "PassThrough"
              }
            ],
            "version": "$LATEST",
            "vpc_config": []
          },
          "private": "eyJlMmJmYjczMC1lY2FhLTExZTYtOGY4OC0zNDM2M2JjN2M0YzAiOnsiY3JlYXRlIjo2MDAwMDAwMDAwMDB9fQ==",
          "depends_on": [
            "aws_cloudwatch_log_group.get_badge",
            "aws_dynamodb_table.badge",
            "aws_iam_role.lambda_exec",
            "aws_iam_role_policy.lambda_dynamo",
            "aws_iam_role_policy.lambda_logging"
          ]
        }
      ]
    },
    {
      "mode": "managed",
      "type": "aws_lambda_function",
      "name": "get_version",
      "provider": "provider.aws",
      "instances": [
        {
          "schema_version": 0,
          "attributes": {
            "arn": "arn:aws:lambda:us-east-1:234360968295:function:test_get_version",
            "dead_letter_config": [],
            "description": "",
            "environment": [],
            "filename": null,
            "function_name": "test_get_version",
            "handler": "com.bytabit.serverless.common.GetVersionHandler",
            "id": "test_get_version",
            "invoke_arn": "arn:aws:apigateway:us-east-1:lambda:path/2015-03-31/functions/arn:aws:lambda:us-east-1:234360968295:function:test_get_version/invocations",
            "kms_key_arn": "",
            "last_modified": "2019-09-03T05:46:32.981+0000",
            "layers": [],
            "memory_size": 128,
            "publish": false,
            "qualified_arn": "arn:aws:lambda:us-east-1:234360968295:function:test_get_version:$LATEST",
            "reserved_concurrent_executions": -1,
            "role": "arn:aws:iam::234360968295:role/test_lambda_exec",
            "runtime": "java8",
            "s3_bucket": "bytabit-serverless",
            "s3_key": "v0.5.0/bytabit-serverless.zip",
            "s3_object_version": null,
            "source_code_hash": "6UOT8fYAy3KZRDo+5ZucepZ7tJzVx4OmQ3ARORsg4Kc=",
            "source_code_size": 9782481,
            "tags": {},
            "timeout": 5,
            "timeouts": null,
            "tracing_config": [
              {
                "mode": "PassThrough"
              }
            ],
            "version": "$LATEST",
            "vpc_config": []
          },
          "private": "eyJlMmJmYjczMC1lY2FhLTExZTYtOGY4OC0zNDM2M2JjN2M0YzAiOnsiY3JlYXRlIjo2MDAwMDAwMDAwMDB9fQ==",
          "depends_on": [
            "aws_cloudwatch_log_group.get_version",
            "aws_iam_role.lambda_exec",
            "aws_iam_role_policy.lambda_logging"
          ]
        }
      ]
    },
    {
      "mode": "managed",
      "type": "aws_lambda_function",
      "name": "put_badge",
      "provider": "provider.aws",
      "instances": [
        {
          "schema_version": 0,
          "attributes": {
            "arn": "arn:aws:lambda:us-east-1:234360968295:function:test_put_badge",
            "dead_letter_config": [],
            "description": "",
            "environment": [
              {
                "variables": {
                  "BADGE_TABLE": "test_badge"
                }
              }
            ],
            "filename": null,
            "function_name": "test_put_badge",
            "handler": "com.bytabit.serverless.badge.PutBadgeHandler",
            "id": "test_put_badge",
            "invoke_arn": "arn:aws:apigateway:us-east-1:lambda:path/2015-03-31/functions/arn:aws:lambda:us-east-1:234360968295:function:test_put_badge/invocations",
            "kms_key_arn": "",
            "last_modified": "2019-09-03T05:46:32.869+0000",
            "layers": [],
            "memory_size": 256,
            "publish": false,
            "qualified_arn": "arn:aws:lambda:us-east-1:234360968295:function:test_put_badge:$LATEST",
            "reserved_concurrent_executions": -1,
            "role": "arn:aws:iam::234360968295:role/test_lambda_exec",
            "runtime": "java8",
            "s3_bucket": "bytabit-serverless",
            "s3_key": "v0.5.0/bytabit-serverless.zip",
            "s3_object_version": null,
            "source_code_hash": "6UOT8fYAy3KZRDo+5ZucepZ7tJzVx4OmQ3ARORsg4Kc=",
            "source_code_size": 9782481,
            "tags": {},
            "timeout": 10,
            "timeouts": null,
            "tracing_config": [
              {
                "mode": "PassThrough"
              }
            ],
            "version": "$LATEST",
            "vpc_config": []
          },
          "private": "eyJlMmJmYjczMC1lY2FhLTExZTYtOGY4OC0zNDM2M2JjN2M0YzAiOnsiY3JlYXRlIjo2MDAwMDAwMDAwMDB9fQ==",
          "depends_on": [
            "aws_cloudwatch_log_group.put_badge",
            "aws_dynamodb_table.badge",
            "aws_iam_role.lambda_exec",
            "aws_iam_role_policy.lambda_dynamo",
            "aws_iam_role_policy.lambda_logging"
          ]
        }
      ]
    },
    {
      "mode": "managed",
      "type": "aws_lambda_function",
      "name": "put_offer",
      "provider": "provider.aws",
      "instances": [
        {
          "schema_version": 0,
          "attributes": {
            "arn": "arn:aws:lambda:us-east-1:234360968295:function:test_put_offer",
            "dead_letter_config": [],
            "description": "",
            "environment": [
              {
                "variables": {
                  "BADGE_TABLE": "test_badge",
                  "OFFER_TABLE": "test_offer"
                }
              }
            ],
            "filename": null,
            "function_name": "test_put_offer",
            "handler": "com.bytabit.serverless.offer.PutOfferHandler",
            "id": "test_put_offer",
            "invoke_arn": "arn:aws:apigateway:us-east-1:lambda:path/2015-03-31/functions/arn:aws:lambda:us-east-1:234360968295:function:test_put_offer/invocations",
            "kms_key_arn": "",
            "last_modified": "2019-09-03T05:46:33.723+0000",
            "layers": [],
            "memory_size": 256,
            "publish": false,
            "qualified_arn": "arn:aws:lambda:us-east-1:234360968295:function:test_put_offer:$LATEST",
            "reserved_concurrent_executions": -1,
            "role": "arn:aws:iam::234360968295:role/test_lambda_exec",
            "runtime": "java8",
            "s3_bucket": "bytabit-serverless",
            "s3_key": "v0.5.0/bytabit-serverless.zip",
            "s3_object_version": null,
            "source_code_hash": "6UOT8fYAy3KZRDo+5ZucepZ7tJzVx4OmQ3ARORsg4Kc=",
            "source_code_size": 9782481,
            "tags": {},
            "timeout": 10,
            "timeouts": null,
            "tracing_config": [
              {
                "mode": "PassThrough"
              }
            ],
            "version": "$LATEST",
            "vpc_config": []
          },
          "private": "eyJlMmJmYjczMC1lY2FhLTExZTYtOGY4OC0zNDM2M2JjN2M0YzAiOnsiY3JlYXRlIjo2MDAwMDAwMDAwMDB9fQ==",
          "depends_on": [
            "aws_cloudwatch_log_group.put_offer",
            "aws_dynamodb_table.badge",
            "aws_dynamodb_table.offer",
            "aws_iam_role.lambda_exec",
            "aws_iam_role_policy.lambda_dynamo",
            "aws_iam_role_policy.lambda_logging"
          ]
        }
      ]
    },
    {
      "mode": "managed",
      "type": "aws_lambda_function",
      "name": "put_trade",
      "provider": "provider.aws",
      "instances": [
        {
          "schema_version": 0,
          "attributes": {
            "arn": "arn:aws:lambda:us-east-1:234360968295:function:test_put_trade",
            "dead_letter_config": [],
            "description": "",
            "environment": [
              {
                "variables": {
                  "TRADE_TABLE": "test_trade"
                }
              }
            ],
            "filename": null,
            "function_name": "test_put_trade",
            "handler": "com.bytabit.serverless.trade.PutTradeHandler",
            "id": "test_put_trade",
            "invoke_arn": "arn:aws:apigateway:us-east-1:lambda:path/2015-03-31/functions/arn:aws:lambda:us-east-1:234360968295:function:test_put_trade/invocations",
            "kms_key_arn": "",
            "last_modified": "2019-09-03T05:46:32.850+0000",
            "layers": [],
            "memory_size": 256,
            "publish": false,
            "qualified_arn": "arn:aws:lambda:us-east-1:234360968295:function:test_put_trade:$LATEST",
            "reserved_concurrent_executions": -1,
            "role": "arn:aws:iam::234360968295:role/test_lambda_exec",
            "runtime": "java8",
            "s3_bucket": "bytabit-serverless",
            "s3_key": "v0.5.0/bytabit-serverless.zip",
            "s3_object_version": null,
            "source_code_hash": "6UOT8fYAy3KZRDo+5ZucepZ7tJzVx4OmQ3ARORsg4Kc=",
            "source_code_size": 9782481,
            "tags": {},
            "timeout": 10,
            "timeouts": null,
            "tracing_config": [
              {
                "mode": "PassThrough"
              }
            ],
            "version": "$LATEST",
            "vpc_config": []
          },
          "private": "eyJlMmJmYjczMC1lY2FhLTExZTYtOGY4OC0zNDM2M2JjN2M0YzAiOnsiY3JlYXRlIjo2MDAwMDAwMDAwMDB9fQ==",
          "depends_on": [
            "aws_cloudwatch_log_group.put_trade",
            "aws_dynamodb_table.trade",
            "aws_iam_role.lambda_exec",
            "aws_iam_role_policy.lambda_dynamo",
            "aws_iam_role_policy.lambda_logging"
          ]
        }
      ]
    },
    {
      "mode": "managed",
      "type": "aws_lambda_permission",
      "name": "delete_offer",
      "provider": "provider.aws",
      "instances": [
        {
          "schema_version": 0,
          "attributes": {
            "action": "lambda:InvokeFunction",
            "event_source_token": null,
            "function_name": "arn:aws:lambda:us-east-1:234360968295:function:test_delete_offer",
            "id": "AllowAPIGatewayInvoke",
            "principal": "apigateway.amazonaws.com",
            "qualifier": "",
            "source_account": null,
            "source_arn": "arn:aws:execute-api:us-east-1:234360968295:7zpvd6rzbi/test/*/*",
            "statement_id": "AllowAPIGatewayInvoke",
            "statement_id_prefix": null
          },
          "private": "bnVsbA==",
          "depends_on": [
            "aws_api_gateway_deployment.bytabit",
            "aws_lambda_function.delete_offer"
          ]
        }
      ]
    },
    {
      "mode": "managed",
      "type": "aws_lambda_permission",
      "name": "getAllArbitrate_trade",
      "provider": "provider.aws",
      "instances": [
        {
          "schema_version": 0,
          "attributes": {
            "action": "lambda:InvokeFunction",
            "event_source_token": null,
            "function_name": "arn:aws:lambda:us-east-1:234360968295:function:test_getAllArbitrate_trade",
            "id": "AllowAPIGatewayInvoke",
            "principal": "apigateway.amazonaws.com",
            "qualifier": "",
            "source_account": null,
            "source_arn": "arn:aws:execute-api:us-east-1:234360968295:7zpvd6rzbi/test/*/*",
            "statement_id": "AllowAPIGatewayInvoke",
            "statement_id_prefix": null
          },
          "private": "bnVsbA==",
          "depends_on": [
            "aws_api_gateway_deployment.bytabit",
            "aws_lambda_function.getAllArbitrate_trade"
          ]
        }
      ]
    },
    {
      "mode": "managed",
      "type": "aws_lambda_permission",
      "name": "getAll_offer",
      "provider": "provider.aws",
      "instances": [
        {
          "schema_version": 0,
          "attributes": {
            "action": "lambda:InvokeFunction",
            "event_source_token": null,
            "function_name": "arn:aws:lambda:us-east-1:234360968295:function:test_getAll_offer",
            "id": "AllowAPIGatewayInvoke",
            "principal": "apigateway.amazonaws.com",
            "qualifier": "",
            "source_account": null,
            "source_arn": "arn:aws:execute-api:us-east-1:234360968295:7zpvd6rzbi/test/*/*",
            "statement_id": "AllowAPIGatewayInvoke",
            "statement_id_prefix": null
          },
          "private": "bnVsbA==",
          "depends_on": [
            "aws_api_gateway_deployment.bytabit",
            "aws_lambda_function.getAll_offer"
          ]
        }
      ]
    },
    {
      "mode": "managed",
      "type": "aws_lambda_permission",
      "name": "getById_offer",
      "provider": "provider.aws",
      "instances": [
        {
          "schema_version": 0,
          "attributes": {
            "action": "lambda:InvokeFunction",
            "event_source_token": null,
            "function_name": "arn:aws:lambda:us-east-1:234360968295:function:test_getById_offer",
            "id": "AllowAPIGatewayInvoke",
            "principal": "apigateway.amazonaws.com",
            "qualifier": "",
            "source_account": null,
            "source_arn": "arn:aws:execute-api:us-east-1:234360968295:7zpvd6rzbi/test/*/*",
            "statement_id": "AllowAPIGatewayInvoke",
            "statement_id_prefix": null
          },
          "private": "bnVsbA==",
          "depends_on": [
            "aws_api_gateway_deployment.bytabit",
            "aws_lambda_function.getById_offer"
          ]
        }
      ]
    },
    {
      "mode": "managed",
      "type": "aws_lambda_permission",
      "name": "getById_trade",
      "provider": "provider.aws",
      "instances": [
        {
          "schema_version": 0,
          "attributes": {
            "action": "lambda:InvokeFunction",
            "event_source_token": null,
            "function_name": "arn:aws:lambda:us-east-1:234360968295:function:test_getById_trade",
            "id": "AllowAPIGatewayInvoke",
            "principal": "apigateway.amazonaws.com",
            "qualifier": "",
            "source_account": null,
            "source_arn": "arn:aws:execute-api:us-east-1:234360968295:7zpvd6rzbi/test/*/*",
            "statement_id": "AllowAPIGatewayInvoke",
            "statement_id_prefix": null
          },
          "private": "bnVsbA==",
          "depends_on": [
            "aws_api_gateway_deployment.bytabit",
            "aws_lambda_function.getById_trade"
          ]
        }
      ]
    },
    {
      "mode": "managed",
      "type": "aws_lambda_permission",
      "name": "getByOffer_trade",
      "provider": "provider.aws",
      "instances": [
        {
          "schema_version": 0,
          "attributes": {
            "action": "lambda:InvokeFunction",
            "event_source_token": null,
            "function_name": "arn:aws:lambda:us-east-1:234360968295:function:test_getByOffer_trade",
            "id": "AllowAPIGatewayInvoke",
            "principal": "apigateway.amazonaws.com",
            "qualifier": "",
            "source_account": null,
            "source_arn": "arn:aws:execute-api:us-east-1:234360968295:7zpvd6rzbi/test/*/*",
            "statement_id": "AllowAPIGatewayInvoke",
            "statement_id_prefix": null
          },
          "private": "bnVsbA==",
          "depends_on": [
            "aws_api_gateway_deployment.bytabit",
            "aws_lambda_function.getByOffer_trade"
          ]
        }
      ]
    },
    {
      "mode": "managed",
      "type": "aws_lambda_permission",
      "name": "get_badge",
      "provider": "provider.aws",
      "instances": [
        {
          "schema_version": 0,
          "attributes": {
            "action": "lambda:InvokeFunction",
            "event_source_token": null,
            "function_name": "arn:aws:lambda:us-east-1:234360968295:function:test_get_badge",
            "id": "AllowAPIGatewayInvoke",
            "principal": "apigateway.amazonaws.com",
            "qualifier": "",
            "source_account": null,
            "source_arn": "arn:aws:execute-api:us-east-1:234360968295:7zpvd6rzbi/test/*/*",
            "statement_id": "AllowAPIGatewayInvoke",
            "statement_id_prefix": null
          },
          "private": "bnVsbA==",
          "depends_on": [
            "aws_api_gateway_deployment.bytabit",
            "aws_lambda_function.get_badge"
          ]
        }
      ]
    },
    {
      "mode": "managed",
      "type": "aws_lambda_permission",
      "name": "get_version",
      "provider": "provider.aws",
      "instances": [
        {
          "schema_version": 0,
          "attributes": {
            "action": "lambda:InvokeFunction",
            "event_source_token": null,
            "function_name": "arn:aws:lambda:us-east-1:234360968295:function:test_get_version",
            "id": "AllowAPIGatewayInvoke",
            "principal": "apigateway.amazonaws.com",
            "qualifier": "",
            "source_account": null,
            "source_arn": "arn:aws:execute-api:us-east-1:234360968295:7zpvd6rzbi/test/*/*",
            "statement_id": "AllowAPIGatewayInvoke",
            "statement_id_prefix": null
          },
          "private": "bnVsbA==",
          "depends_on": [
            "aws_api_gateway_deployment.bytabit",
            "aws_lambda_function.get_version"
          ]
        }
      ]
    },
    {
      "mode": "managed",
      "type": "aws_lambda_permission",
      "name": "put_badge",
      "provider": "provider.aws",
      "instances": [
        {
          "schema_version": 0,
          "attributes": {
            "action": "lambda:InvokeFunction",
            "event_source_token": null,
            "function_name": "arn:aws:lambda:us-east-1:234360968295:function:test_put_badge",
            "id": "AllowAPIGatewayInvoke",
            "principal": "apigateway.amazonaws.com",
            "qualifier": "",
            "source_account": null,
            "source_arn": "arn:aws:execute-api:us-east-1:234360968295:7zpvd6rzbi/test/*/*",
            "statement_id": "AllowAPIGatewayInvoke",
            "statement_id_prefix": null
          },
          "private": "bnVsbA==",
          "depends_on": [
            "aws_api_gateway_deployment.bytabit",
            "aws_lambda_function.put_badge"
          ]
        }
      ]
    },
    {
      "mode": "managed",
      "type": "aws_lambda_permission",
      "name": "put_offer",
      "provider": "provider.aws",
      "instances": [
        {
          "schema_version": 0,
          "attributes": {
            "action": "lambda:InvokeFunction",
            "event_source_token": null,
            "function_name": "arn:aws:lambda:us-east-1:234360968295:function:test_put_offer",
            "id": "AllowAPIGatewayInvoke",
            "principal": "apigateway.amazonaws.com",
            "qualifier": "",
            "source_account": null,
            "source_arn": "arn:aws:execute-api:us-east-1:234360968295:7zpvd6rzbi/test/*/*",
            "statement_id": "AllowAPIGatewayInvoke",
            "statement_id_prefix": null
          },
          "private": "bnVsbA==",
          "depends_on": [
            "aws_api_gateway_deployment.bytabit",
            "aws_lambda_function.put_offer"
          ]
        }
      ]
    },
    {
      "mode": "managed",
      "type": "aws_lambda_permission",
      "name": "put_trade",
      "provider": "provider.aws",
      "instances": [
        {
          "schema_version": 0,
          "attributes": {
            "action": "lambda:InvokeFunction",
            "event_source_token": null,
            "function_name": "arn:aws:lambda:us-east-1:234360968295:function:test_put_trade",
            "id": "AllowAPIGatewayInvoke",
            "principal": "apigateway.amazonaws.com",
            "qualifier": "",
            "source_account": null,
            "source_arn": "arn:aws:execute-api:us-east-1:234360968295:7zpvd6rzbi/test/*/*",
            "statement_id": "AllowAPIGatewayInvoke",
            "statement_id_prefix": null
          },
          "private": "bnVsbA==",
          "depends_on": [
            "aws_api_gateway_deployment.bytabit",
            "aws_lambda_function.put_trade"
          ]
        }
      ]
    },
    {
      "mode": "managed",
      "type": "aws_route53_record",
      "name": "dojo",
      "provider": "provider.aws",
      "instances": [
        {
          "schema_version": 2,
          "attributes": {
            "alias": [],
            "allow_overwrite": null,
            "failover_routing_policy": [],
            "fqdn": "dojo-test.bytabit.net",
            "geolocation_routing_policy": [],
            "health_check_id": null,
            "id": "Z2QM7I2QKXPJ12_dojo-test.bytabit.net_CNAME",
            "latency_routing_policy": [],
            "multivalue_answer_routing_policy": null,
            "name": "dojo-test.bytabit.net",
            "records": [
              "ec2-34-201-205-211.compute-1.amazonaws.com"
            ],
            "set_identifier": null,
            "ttl": 60,
            "type": "CNAME",
            "weighted_routing_policy": [],
            "zone_id": "Z2QM7I2QKXPJ12"
          },
          "private": "eyJzY2hlbWFfdmVyc2lvbiI6IjIifQ==",
          "depends_on": [
            "aws_eip.dojo-eip",
            "aws_instance.dojo",
            "data.aws_route53_zone.root_domain"
          ]
        }
      ]
    },
    {
      "mode": "managed",
      "type": "aws_route53_record",
      "name": "sub_domain",
      "provider": "provider.aws",
      "instances": [
        {
          "schema_version": 2,
          "attributes": {
            "alias": [
              {
                "evaluate_target_health": false,
                "name": "d1f8d1iy2szgzt.cloudfront.net",
                "zone_id": "Z2FDTNDATAQYW2"
              }
            ],
            "allow_overwrite": null,
            "failover_routing_policy": [],
            "fqdn": "test.bytabit.net",
            "geolocation_routing_policy": [],
            "health_check_id": "",
            "id": "Z2QM7I2QKXPJ12_test.bytabit.net_A",
            "latency_routing_policy": [],
            "multivalue_answer_routing_policy": null,
            "name": "test.bytabit.net",
            "records": [],
            "set_identifier": "",
            "ttl": 0,
            "type": "A",
            "weighted_routing_policy": [],
            "zone_id": "Z2QM7I2QKXPJ12"
          },
          "private": "eyJzY2hlbWFfdmVyc2lvbiI6IjIifQ==",
          "depends_on": [
            "aws_api_gateway_domain_name.api",
            "data.aws_route53_zone.root_domain"
          ]
        }
      ]
    },
    {
      "mode": "managed",
      "type": "aws_security_group",
      "name": "dojo-instance-sg",
      "provider": "provider.aws",
      "instances": [
        {
          "schema_version": 1,
          "attributes": {
            "arn": "arn:aws:ec2:us-east-1:234360968295:security-group/sg-018584a938007f345",
            "description": "Managed by Terraform",
            "egress": [
              {
                "cidr_blocks": [
                  "0.0.0.0/0"
                ],
                "description": "",
                "from_port": 0,
                "ipv6_cidr_blocks": [],
                "prefix_list_ids": [],
                "protocol": "-1",
                "security_groups": [],
                "self": false,
                "to_port": 0
              }
            ],
            "id": "sg-018584a938007f345",
            "ingress": [
              {
                "cidr_blocks": [
                  "0.0.0.0/0"
                ],
                "description": "",
                "from_port": 22,
                "ipv6_cidr_blocks": [],
                "prefix_list_ids": [],
                "protocol": "tcp",
                "security_groups": [],
                "self": false,
                "to_port": 22
              }
            ],
            "name": "test_dojo-in-out-access",
            "name_prefix": null,
            "owner_id": "234360968295",
            "revoke_rules_on_delete": false,
            "tags": {
              "Name": "test-dojo-instance",
              "Stage": "test"
            },
            "timeouts": null,
            "vpc_id": "vpc-f2225488"
          },
          "private": "eyJlMmJmYjczMC1lY2FhLTExZTYtOGY4OC0zNDM2M2JjN2M0YzAiOnsiY3JlYXRlIjo2MDAwMDAwMDAwMDAsImRlbGV0ZSI6NjAwMDAwMDAwMDAwfSwic2NoZW1hX3ZlcnNpb24iOiIxIn0="
        }
      ]
    },
    {
      "mode": "managed",
      "type": "aws_volume_attachment",
      "name": "dojo_ebs_testnet",
      "provider": "provider.aws",
      "instances": [
        {
          "schema_version": 0,
          "attributes": {
            "device_name": "/dev/sdh",
            "force_detach": null,
            "id": "vai-1686320265",
            "instance_id": "i-0398171e218282dab",
            "skip_destroy": null,
            "volume_id": "vol-0406320b657d83dd5"
          },
          "private": "bnVsbA==",
          "depends_on": [
            "aws_ebs_volume.dojo_docker",
            "aws_instance.dojo"
          ]
        }
      ]
    }
  ]
}
